{
  "pins" : [
    {
      "identity" : "jclogkit",
      "kind" : "remoteSourceControl",
      "location" : "https://github.com/jerrycanco/JCLogKit.git",
      "state" : {
        "revision" : "8f19623a955d753fab1dae77541146e6121d4fec",
        "version" : "0.1.4"
      }
    }
  ],
  "version" : 2
}
