{
  "pins" : [
    {
      "identity" : "jclogkit",
      "kind" : "remoteSourceControl",
      "location" : "https://github.com/jerrycanco/JCLogKit.git",
      "state" : {
        "revision" : "9d62bd91e461b764e047b2500d9350b438975023",
        "version" : "0.1.5"
      }
    }
  ],
  "version" : 2
}
