{
  "pins" : [
    {
      "identity" : "jclogkit",
      "kind" : "remoteSourceControl",
      "location" : "https://github.com/jerrycanco/JCLogKit.git",
      "state" : {
        "branch" : "main",
        "revision" : "61d98c52aaf779df1d4f659f4004256cb5d07cdf"
      }
    }
  ],
  "version" : 2
}
